
Microsoft Visual Studio Solution File, Format Version 12.00
# Visual Studio 15
VisualStudioVersion = 15.0.26124.0
MinimumVisualStudioVersion = 15.0.26124.0
Project("{FAE04EC0-301F-11D3-BF4B-00C04F79EFBC}") = "Todo.Domain", "Todo.Domain\Todo.Domain.csproj", "{0D258D6F-7E26-4D88-AEF5-6F6BB1E405A7}"
EndProject
Project("{FAE04EC0-301F-11D3-BF4B-00C04F79EFBC}") = "Todo.Domain.Infra", "Todo.Domain.Infra\Todo.Domain.Infra.csproj", "{8CDAE498-45A5-419B-86C6-4A70477B0743}"
EndProject
Project("{FAE04EC0-301F-11D3-BF4B-00C04F79EFBC}") = "Todo.Domain.Api", "Todo.Domain.Api\Todo.Domain.Api.csproj", "{33C7DAD4-A43E-436D-BE63-145063BE5938}"
EndProject
Project("{FAE04EC0-301F-11D3-BF4B-00C04F79EFBC}") = "Todo.Domain.Tests", "Todo.Domain.Tests\Todo.Domain.Tests.csproj", "{B9CE26AF-FB4C-4134-BD59-31AE7053E9C3}"
EndProject
Global
	GlobalSection(SolutionConfigurationPlatforms) = preSolution
		Debug|Any CPU = Debug|Any CPU
		Debug|x64 = Debug|x64
		Debug|x86 = Debug|x86
		Release|Any CPU = Release|Any CPU
		Release|x64 = Release|x64
		Release|x86 = Release|x86
	EndGlobalSection
	GlobalSection(SolutionProperties) = preSolution
		HideSolutionNode = FALSE
	EndGlobalSection
	GlobalSection(ProjectConfigurationPlatforms) = postSolution
		{0D258D6F-7E26-4D88-AEF5-6F6BB1E405A7}.Debug|Any CPU.ActiveCfg = Debug|Any CPU
		{0D258D6F-7E26-4D88-AEF5-6F6BB1E405A7}.Debug|Any CPU.Build.0 = Debug|Any CPU
		{0D258D6F-7E26-4D88-AEF5-6F6BB1E405A7}.Debug|x64.ActiveCfg = Debug|Any CPU
		{0D258D6F-7E26-4D88-AEF5-6F6BB1E405A7}.Debug|x64.Build.0 = Debug|Any CPU
		{0D258D6F-7E26-4D88-AEF5-6F6BB1E405A7}.Debug|x86.ActiveCfg = Debug|Any CPU
		{0D258D6F-7E26-4D88-AEF5-6F6BB1E405A7}.Debug|x86.Build.0 = Debug|Any CPU
		{0D258D6F-7E26-4D88-AEF5-6F6BB1E405A7}.Release|Any CPU.ActiveCfg = Release|Any CPU
		{0D258D6F-7E26-4D88-AEF5-6F6BB1E405A7}.Release|Any CPU.Build.0 = Release|Any CPU
		{0D258D6F-7E26-4D88-AEF5-6F6BB1E405A7}.Release|x64.ActiveCfg = Release|Any CPU
		{0D258D6F-7E26-4D88-AEF5-6F6BB1E405A7}.Release|x64.Build.0 = Release|Any CPU
		{0D258D6F-7E26-4D88-AEF5-6F6BB1E405A7}.Release|x86.ActiveCfg = Release|Any CPU
		{0D258D6F-7E26-4D88-AEF5-6F6BB1E405A7}.Release|x86.Build.0 = Release|Any CPU
		{8CDAE498-45A5-419B-86C6-4A70477B0743}.Debug|Any CPU.ActiveCfg = Debug|Any CPU
		{8CDAE498-45A5-419B-86C6-4A70477B0743}.Debug|Any CPU.Build.0 = Debug|Any CPU
		{8CDAE498-45A5-419B-86C6-4A70477B0743}.Debug|x64.ActiveCfg = Debug|Any CPU
		{8CDAE498-45A5-419B-86C6-4A70477B0743}.Debug|x64.Build.0 = Debug|Any CPU
		{8CDAE498-45A5-419B-86C6-4A70477B0743}.Debug|x86.ActiveCfg = Debug|Any CPU
		{8CDAE498-45A5-419B-86C6-4A70477B0743}.Debug|x86.Build.0 = Debug|Any CPU
		{8CDAE498-45A5-419B-86C6-4A70477B0743}.Release|Any CPU.ActiveCfg = Release|Any CPU
		{8CDAE498-45A5-419B-86C6-4A70477B0743}.Release|Any CPU.Build.0 = Release|Any CPU
		{8CDAE498-45A5-419B-86C6-4A70477B0743}.Release|x64.ActiveCfg = Release|Any CPU
		{8CDAE498-45A5-419B-86C6-4A70477B0743}.Release|x64.Build.0 = Release|Any CPU
		{8CDAE498-45A5-419B-86C6-4A70477B0743}.Release|x86.ActiveCfg = Release|Any CPU
		{8CDAE498-45A5-419B-86C6-4A70477B0743}.Release|x86.Build.0 = Release|Any CPU
		{33C7DAD4-A43E-436D-BE63-145063BE5938}.Debug|Any CPU.ActiveCfg = Debug|Any CPU
		{33C7DAD4-A43E-436D-BE63-145063BE5938}.Debug|Any CPU.Build.0 = Debug|Any CPU
		{33C7DAD4-A43E-436D-BE63-145063BE5938}.Debug|x64.ActiveCfg = Debug|Any CPU
		{33C7DAD4-A43E-436D-BE63-145063BE5938}.Debug|x64.Build.0 = Debug|Any CPU
		{33C7DAD4-A43E-436D-BE63-145063BE5938}.Debug|x86.ActiveCfg = Debug|Any CPU
		{33C7DAD4-A43E-436D-BE63-145063BE5938}.Debug|x86.Build.0 = Debug|Any CPU
		{33C7DAD4-A43E-436D-BE63-145063BE5938}.Release|Any CPU.ActiveCfg = Release|Any CPU
		{33C7DAD4-A43E-436D-BE63-145063BE5938}.Release|Any CPU.Build.0 = Release|Any CPU
		{33C7DAD4-A43E-436D-BE63-145063BE5938}.Release|x64.ActiveCfg = Release|Any CPU
		{33C7DAD4-A43E-436D-BE63-145063BE5938}.Release|x64.Build.0 = Release|Any CPU
		{33C7DAD4-A43E-436D-BE63-145063BE5938}.Release|x86.ActiveCfg = Release|Any CPU
		{33C7DAD4-A43E-436D-BE63-145063BE5938}.Release|x86.Build.0 = Release|Any CPU
		{B9CE26AF-FB4C-4134-BD59-31AE7053E9C3}.Debug|Any CPU.ActiveCfg = Debug|Any CPU
		{B9CE26AF-FB4C-4134-BD59-31AE7053E9C3}.Debug|Any CPU.Build.0 = Debug|Any CPU
		{B9CE26AF-FB4C-4134-BD59-31AE7053E9C3}.Debug|x64.ActiveCfg = Debug|Any CPU
		{B9CE26AF-FB4C-4134-BD59-31AE7053E9C3}.Debug|x64.Build.0 = Debug|Any CPU
		{B9CE26AF-FB4C-4134-BD59-31AE7053E9C3}.Debug|x86.ActiveCfg = Debug|Any CPU
		{B9CE26AF-FB4C-4134-BD59-31AE7053E9C3}.Debug|x86.Build.0 = Debug|Any CPU
		{B9CE26AF-FB4C-4134-BD59-31AE7053E9C3}.Release|Any CPU.ActiveCfg = Release|Any CPU
		{B9CE26AF-FB4C-4134-BD59-31AE7053E9C3}.Release|Any CPU.Build.0 = Release|Any CPU
		{B9CE26AF-FB4C-4134-BD59-31AE7053E9C3}.Release|x64.ActiveCfg = Release|Any CPU
		{B9CE26AF-FB4C-4134-BD59-31AE7053E9C3}.Release|x64.Build.0 = Release|Any CPU
		{B9CE26AF-FB4C-4134-BD59-31AE7053E9C3}.Release|x86.ActiveCfg = Release|Any CPU
		{B9CE26AF-FB4C-4134-BD59-31AE7053E9C3}.Release|x86.Build.0 = Release|Any CPU
	EndGlobalSection
EndGlobal
